
Microsoft Visual Studio Solution File, Format Version 12.00
# Visual Studio Version 17
VisualStudioVersion = 17.11.35327.3
MinimumVisualStudioVersion = 10.0.40219.1
Project("{FAE04EC0-301F-11D3-BF4B-00C04F79EFBC}") = "taskEnum", "taskEnum\taskEnum.csproj", "{EB28385B-204A-4813-854D-0586F437F7C9}"
EndProject
Global
	GlobalSection(SolutionConfigurationPlatforms) = preSolution
		Debug|Any CPU = Debug|Any CPU
		Release|Any CPU = Release|Any CPU
	EndGlobalSection
	GlobalSection(ProjectConfigurationPlatforms) = postSolution
		{EB28385B-204A-4813-854D-0586F437F7C9}.Debug|Any CPU.ActiveCfg = Debug|Any CPU
		{EB28385B-204A-4813-854D-0586F437F7C9}.Debug|Any CPU.Build.0 = Debug|Any CPU
		{EB28385B-204A-4813-854D-0586F437F7C9}.Release|Any CPU.ActiveCfg = Release|Any CPU
		{EB28385B-204A-4813-854D-0586F437F7C9}.Release|Any CPU.Build.0 = Release|Any CPU
	EndGlobalSection
	GlobalSection(SolutionProperties) = preSolution
		HideSolutionNode = FALSE
	EndGlobalSection
	GlobalSection(ExtensibilityGlobals) = postSolution
		SolutionGuid = {BC95220C-0980-435D-8DB7-BDD049F16491}
	EndGlobalSection
EndGlobal
