
Microsoft Visual Studio Solution File, Format Version 12.00
# Visual Studio Version 17
VisualStudioVersion = 17.11.35312.102
MinimumVisualStudioVersion = 10.0.40219.1
Project("{FAE04EC0-301F-11D3-BF4B-00C04F79EFBC}") = "accessModifiers", "accessModifiers\accessModifiers.csproj", "{8E5701BF-44B8-4FAA-881A-9921D9340F21}"
EndProject
Global
	GlobalSection(SolutionConfigurationPlatforms) = preSolution
		Debug|Any CPU = Debug|Any CPU
		Release|Any CPU = Release|Any CPU
	EndGlobalSection
	GlobalSection(ProjectConfigurationPlatforms) = postSolution
		{8E5701BF-44B8-4FAA-881A-9921D9340F21}.Debug|Any CPU.ActiveCfg = Debug|Any CPU
		{8E5701BF-44B8-4FAA-881A-9921D9340F21}.Debug|Any CPU.Build.0 = Debug|Any CPU
		{8E5701BF-44B8-4FAA-881A-9921D9340F21}.Release|Any CPU.ActiveCfg = Release|Any CPU
		{8E5701BF-44B8-4FAA-881A-9921D9340F21}.Release|Any CPU.Build.0 = Release|Any CPU
	EndGlobalSection
	GlobalSection(SolutionProperties) = preSolution
		HideSolutionNode = FALSE
	EndGlobalSection
	GlobalSection(ExtensibilityGlobals) = postSolution
		SolutionGuid = {79473FB6-A6DC-4985-8DEE-71533C09547F}
	EndGlobalSection
EndGlobal
